
Microsoft Visual Studio Solution File, Format Version 12.00
# Visual Studio Version 17
VisualStudioVersion = 17.10.35122.118
MinimumVisualStudioVersion = 10.0.40219.1
Project("{8BC9CEB8-8B4A-11D0-8D11-00A0C91BC942}") = "BOJ_31518", "BOJ_31518.vcxproj", "{F7BF7D49-FDDC-4747-B64B-B4CDA338AEDF}"
EndProject
Global
	GlobalSection(SolutionConfigurationPlatforms) = preSolution
		Debug|x64 = Debug|x64
		Release|x64 = Release|x64
	EndGlobalSection
	GlobalSection(ProjectConfigurationPlatforms) = postSolution
		{F7BF7D49-FDDC-4747-B64B-B4CDA338AEDF}.Debug|x64.ActiveCfg = Debug|x64
		{F7BF7D49-FDDC-4747-B64B-B4CDA338AEDF}.Debug|x64.Build.0 = Debug|x64
		{F7BF7D49-FDDC-4747-B64B-B4CDA338AEDF}.Release|x64.ActiveCfg = Release|x64
		{F7BF7D49-FDDC-4747-B64B-B4CDA338AEDF}.Release|x64.Build.0 = Release|x64
	EndGlobalSection
	GlobalSection(SolutionProperties) = preSolution
		HideSolutionNode = FALSE
	EndGlobalSection
	GlobalSection(ExtensibilityGlobals) = postSolution
		SolutionGuid = {859A09DF-CF94-40F2-95D9-9369B7AA7F1A}
	EndGlobalSection
EndGlobal
